
Microsoft Visual Studio Solution File, Format Version 12.00
# Visual Studio Version 16
VisualStudioVersion = 16.0.30611.23
MinimumVisualStudioVersion = 10.0.40219.1
Project("{8BC9CEB8-8B4A-11D0-8D11-00A0C91BC942}") = "Lab7.1iter", "Lab7.1iter.vcxproj", "{D9B09D54-5825-4B0A-88D9-9D9B891F61B3}"
EndProject
Project("{8BC9CEB8-8B4A-11D0-8D11-00A0C91BC942}") = "UnitTest7.1iter", "..\UnitTest7.1iter\UnitTest7.1iter.vcxproj", "{CB1EC37E-3F4A-4CD5-9D31-0256E266C646}"
EndProject
Global
	GlobalSection(SolutionConfigurationPlatforms) = preSolution
		Debug|x64 = Debug|x64
		Debug|x86 = Debug|x86
		Release|x64 = Release|x64
		Release|x86 = Release|x86
	EndGlobalSection
	GlobalSection(ProjectConfigurationPlatforms) = postSolution
		{D9B09D54-5825-4B0A-88D9-9D9B891F61B3}.Debug|x64.ActiveCfg = Debug|x64
		{D9B09D54-5825-4B0A-88D9-9D9B891F61B3}.Debug|x64.Build.0 = Debug|x64
		{D9B09D54-5825-4B0A-88D9-9D9B891F61B3}.Debug|x86.ActiveCfg = Debug|Win32
		{D9B09D54-5825-4B0A-88D9-9D9B891F61B3}.Debug|x86.Build.0 = Debug|Win32
		{D9B09D54-5825-4B0A-88D9-9D9B891F61B3}.Release|x64.ActiveCfg = Release|x64
		{D9B09D54-5825-4B0A-88D9-9D9B891F61B3}.Release|x64.Build.0 = Release|x64
		{D9B09D54-5825-4B0A-88D9-9D9B891F61B3}.Release|x86.ActiveCfg = Release|Win32
		{D9B09D54-5825-4B0A-88D9-9D9B891F61B3}.Release|x86.Build.0 = Release|Win32
		{CB1EC37E-3F4A-4CD5-9D31-0256E266C646}.Debug|x64.ActiveCfg = Debug|x64
		{CB1EC37E-3F4A-4CD5-9D31-0256E266C646}.Debug|x64.Build.0 = Debug|x64
		{CB1EC37E-3F4A-4CD5-9D31-0256E266C646}.Debug|x86.ActiveCfg = Debug|Win32
		{CB1EC37E-3F4A-4CD5-9D31-0256E266C646}.Debug|x86.Build.0 = Debug|Win32
		{CB1EC37E-3F4A-4CD5-9D31-0256E266C646}.Release|x64.ActiveCfg = Release|x64
		{CB1EC37E-3F4A-4CD5-9D31-0256E266C646}.Release|x64.Build.0 = Release|x64
		{CB1EC37E-3F4A-4CD5-9D31-0256E266C646}.Release|x86.ActiveCfg = Release|Win32
		{CB1EC37E-3F4A-4CD5-9D31-0256E266C646}.Release|x86.Build.0 = Release|Win32
	EndGlobalSection
	GlobalSection(SolutionProperties) = preSolution
		HideSolutionNode = FALSE
	EndGlobalSection
	GlobalSection(ExtensibilityGlobals) = postSolution
		SolutionGuid = {F595D85D-B41F-47A1-BC98-2E3D6C9442E7}
	EndGlobalSection
EndGlobal
